
Microsoft Visual Studio Solution File, Format Version 12.00
# Visual Studio 15
VisualStudioVersion = 15.0.28307.572
MinimumVisualStudioVersion = 10.0.40219.1
Project("{FAE04EC0-301F-11D3-BF4B-00C04F79EFBC}") = "AutoDealer.Core", "AutoDealer.Core\AutoDealer.Core.csproj", "{F24828EB-6055-4F8A-B895-5179F1F9F904}"
EndProject
Project("{FAE04EC0-301F-11D3-BF4B-00C04F79EFBC}") = "AutoDealer.Data", "AutoDealer.Data\AutoDealer.Data.csproj", "{40D6B776-B548-43F1-8F6A-1EF44DE72053}"
EndProject
Project("{FAE04EC0-301F-11D3-BF4B-00C04F79EFBC}") = "AutoDealer.Service", "AutoDealer.Service\AutoDealer.Service.csproj", "{E3F54A20-A523-4EE0-B888-4B1F487BE2C6}"
EndProject
Project("{FAE04EC0-301F-11D3-BF4B-00C04F79EFBC}") = "AutoDealer.Web.Core", "AutoDealer.Web.Core\AutoDealer.Web.Core.csproj", "{2DD68F89-6075-415F-BD3D-BCC60F47D89B}"
EndProject
Project("{FAE04EC0-301F-11D3-BF4B-00C04F79EFBC}") = "AutoDealer.Web", "AutoDealer.Web\AutoDealer.Web.csproj", "{A35FD55C-6340-499F-8229-C73ED2870EA3}"
EndProject
Global
	GlobalSection(SolutionConfigurationPlatforms) = preSolution
		Debug|Any CPU = Debug|Any CPU
		Release|Any CPU = Release|Any CPU
	EndGlobalSection
	GlobalSection(ProjectConfigurationPlatforms) = postSolution
		{F24828EB-6055-4F8A-B895-5179F1F9F904}.Debug|Any CPU.ActiveCfg = Debug|Any CPU
		{F24828EB-6055-4F8A-B895-5179F1F9F904}.Debug|Any CPU.Build.0 = Debug|Any CPU
		{F24828EB-6055-4F8A-B895-5179F1F9F904}.Release|Any CPU.ActiveCfg = Release|Any CPU
		{F24828EB-6055-4F8A-B895-5179F1F9F904}.Release|Any CPU.Build.0 = Release|Any CPU
		{40D6B776-B548-43F1-8F6A-1EF44DE72053}.Debug|Any CPU.ActiveCfg = Debug|Any CPU
		{40D6B776-B548-43F1-8F6A-1EF44DE72053}.Debug|Any CPU.Build.0 = Debug|Any CPU
		{40D6B776-B548-43F1-8F6A-1EF44DE72053}.Release|Any CPU.ActiveCfg = Release|Any CPU
		{40D6B776-B548-43F1-8F6A-1EF44DE72053}.Release|Any CPU.Build.0 = Release|Any CPU
		{E3F54A20-A523-4EE0-B888-4B1F487BE2C6}.Debug|Any CPU.ActiveCfg = Debug|Any CPU
		{E3F54A20-A523-4EE0-B888-4B1F487BE2C6}.Debug|Any CPU.Build.0 = Debug|Any CPU
		{E3F54A20-A523-4EE0-B888-4B1F487BE2C6}.Release|Any CPU.ActiveCfg = Release|Any CPU
		{E3F54A20-A523-4EE0-B888-4B1F487BE2C6}.Release|Any CPU.Build.0 = Release|Any CPU
		{2DD68F89-6075-415F-BD3D-BCC60F47D89B}.Debug|Any CPU.ActiveCfg = Debug|Any CPU
		{2DD68F89-6075-415F-BD3D-BCC60F47D89B}.Debug|Any CPU.Build.0 = Debug|Any CPU
		{2DD68F89-6075-415F-BD3D-BCC60F47D89B}.Release|Any CPU.ActiveCfg = Release|Any CPU
		{2DD68F89-6075-415F-BD3D-BCC60F47D89B}.Release|Any CPU.Build.0 = Release|Any CPU
		{A35FD55C-6340-499F-8229-C73ED2870EA3}.Debug|Any CPU.ActiveCfg = Debug|Any CPU
		{A35FD55C-6340-499F-8229-C73ED2870EA3}.Debug|Any CPU.Build.0 = Debug|Any CPU
		{A35FD55C-6340-499F-8229-C73ED2870EA3}.Release|Any CPU.ActiveCfg = Release|Any CPU
		{A35FD55C-6340-499F-8229-C73ED2870EA3}.Release|Any CPU.Build.0 = Release|Any CPU
	EndGlobalSection
	GlobalSection(SolutionProperties) = preSolution
		HideSolutionNode = FALSE
	EndGlobalSection
	GlobalSection(ExtensibilityGlobals) = postSolution
		SolutionGuid = {409AC5D6-8900-48F7-968E-1B2ACBC2DAB9}
	EndGlobalSection
EndGlobal
